{
  "nodes": {
    "home": {
      "inputs": {
        "nixpkgs": "nixpkgs"
      },
      "locked": {
        "lastModified": 1604441492,
        "narHash": "sha256-Wo7WqdwNQnWHmhyZuhVLrAEpCuZl88cA9ttxkiCTekY=",
        "owner": "nix-community",
        "repo": "home-manager",
        "rev": "63f299b3347aea183fc5088e4d6c4a193b334a41",
        "type": "github"
      },
      "original": {
        "owner": "nix-community",
        "ref": "release-20.09",
        "repo": "home-manager",
        "type": "github"
      }
    },
    "master": {
      "locked": {
        "lastModified": 1608122323,
        "narHash": "sha256-ivxC1U9pUMziQcyvVHAOGi/IwzJ896C6DKbkKLJysoo=",
        "owner": "NixOS",
        "repo": "nixpkgs",
        "rev": "00941cd747e9bc1c3326d1362dbc7e9cfe18cf53",
        "type": "github"
      },
      "original": {
        "id": "nixpkgs",
        "ref": "master",
        "type": "indirect"
      }
    },
    "nixos": {
      "locked": {
        "lastModified": 1608102263,
        "narHash": "sha256-vUFG/KDGvewBfWkyM9zMs4Y+wZgx97PCYIxU5+UU9Y8=",
        "owner": "NixOS",
        "repo": "nixpkgs",
        "rev": "81fad87659e436abdb1d27c6ac756e014bef85ac",
        "type": "github"
      },
      "original": {
        "id": "nixpkgs",
        "ref": "release-20.09",
        "type": "indirect"
      }
    },
    "nixpkgs": {
      "locked": {
        "lastModified": 1608122323,
        "narHash": "sha256-ivxC1U9pUMziQcyvVHAOGi/IwzJ896C6DKbkKLJysoo=",
        "owner": "NixOS",
        "repo": "nixpkgs",
        "rev": "00941cd747e9bc1c3326d1362dbc7e9cfe18cf53",
        "type": "github"
      },
      "original": {
        "id": "nixpkgs",
        "type": "indirect"
      }
    },
    "root": {
      "inputs": {
        "home": "home",
        "master": "master",
        "nixos": "nixos"
      }
    }
  },
  "root": "root",
  "version": 7
}
